
Microsoft Visual Studio Solution File, Format Version 12.00
# Visual Studio Version 16
VisualStudioVersion = 16.0.30907.101
MinimumVisualStudioVersion = 10.0.40219.1
Project("{9A19103F-16F7-4668-BE54-9A1E7A4F7556}") = "Musician", "Musician\Musician.csproj", "{543A0F8E-FDA0-4B81-969F-BC3895F4F301}"
EndProject
Project("{9A19103F-16F7-4668-BE54-9A1E7A4F7556}") = "Musician.Tests", "Musician.Tests\Musician.Tests.csproj", "{EEB12FB5-472A-40CE-B796-A7956CFB3C1F}"
EndProject
Project("{9A19103F-16F7-4668-BE54-9A1E7A4F7556}") = "Console", "Console\Console.csproj", "{59578737-17EC-4E50-BA79-F1626DD8EC13}"
EndProject
Global
	GlobalSection(SolutionConfigurationPlatforms) = preSolution
		Debug|Any CPU = Debug|Any CPU
		Release|Any CPU = Release|Any CPU
	EndGlobalSection
	GlobalSection(ProjectConfigurationPlatforms) = postSolution
		{543A0F8E-FDA0-4B81-969F-BC3895F4F301}.Debug|Any CPU.ActiveCfg = Debug|Any CPU
		{543A0F8E-FDA0-4B81-969F-BC3895F4F301}.Debug|Any CPU.Build.0 = Debug|Any CPU
		{543A0F8E-FDA0-4B81-969F-BC3895F4F301}.Release|Any CPU.ActiveCfg = Release|Any CPU
		{543A0F8E-FDA0-4B81-969F-BC3895F4F301}.Release|Any CPU.Build.0 = Release|Any CPU
		{EEB12FB5-472A-40CE-B796-A7956CFB3C1F}.Debug|Any CPU.ActiveCfg = Debug|Any CPU
		{EEB12FB5-472A-40CE-B796-A7956CFB3C1F}.Debug|Any CPU.Build.0 = Debug|Any CPU
		{EEB12FB5-472A-40CE-B796-A7956CFB3C1F}.Release|Any CPU.ActiveCfg = Release|Any CPU
		{EEB12FB5-472A-40CE-B796-A7956CFB3C1F}.Release|Any CPU.Build.0 = Release|Any CPU
		{59578737-17EC-4E50-BA79-F1626DD8EC13}.Debug|Any CPU.ActiveCfg = Debug|Any CPU
		{59578737-17EC-4E50-BA79-F1626DD8EC13}.Debug|Any CPU.Build.0 = Debug|Any CPU
		{59578737-17EC-4E50-BA79-F1626DD8EC13}.Release|Any CPU.ActiveCfg = Release|Any CPU
		{59578737-17EC-4E50-BA79-F1626DD8EC13}.Release|Any CPU.Build.0 = Release|Any CPU
	EndGlobalSection
	GlobalSection(SolutionProperties) = preSolution
		HideSolutionNode = FALSE
	EndGlobalSection
	GlobalSection(ExtensibilityGlobals) = postSolution
		SolutionGuid = {9D05F605-D571-46A9-AFDF-F58D65280DBF}
	EndGlobalSection
EndGlobal
